
Microsoft Visual Studio Solution File, Format Version 12.00
# Visual Studio 15
VisualStudioVersion = 15.0.27520.0
MinimumVisualStudioVersion = 10.0.40219.1
Project("{D954291E-2A0B-460D-934E-DC6B0785DB48}") = "Russia2018.Shared", "Russia2018\Russia2018.Shared\Russia2018.Shared.shproj", "{6279C845-92F8-4333-AB99-3D213163593C}"
EndProject
Project("{FAE04EC0-301F-11D3-BF4B-00C04F79EFBC}") = "Russia2018.UWP", "Russia2018\Russia2018.UWP\Russia2018.UWP.csproj", "{18512E86-914B-40C0-B5B1-9435FF042D7F}"
EndProject
Global
	GlobalSection(SharedMSBuildProjectFiles) = preSolution
		Russia2018\Russia2018.Shared\Russia2018.Shared.projitems*{18512e86-914b-40c0-b5b1-9435ff042d7f}*SharedItemsImports = 4
		Russia2018\Russia2018.Shared\Russia2018.Shared.projitems*{6279c845-92f8-4333-ab99-3d213163593c}*SharedItemsImports = 13
	EndGlobalSection
	GlobalSection(SolutionConfigurationPlatforms) = preSolution
		Ad-Hoc|Any CPU = Ad-Hoc|Any CPU
		Ad-Hoc|ARM = Ad-Hoc|ARM
		Ad-Hoc|iPhone = Ad-Hoc|iPhone
		Ad-Hoc|iPhoneSimulator = Ad-Hoc|iPhoneSimulator
		Ad-Hoc|x64 = Ad-Hoc|x64
		Ad-Hoc|x86 = Ad-Hoc|x86
		AppStore|Any CPU = AppStore|Any CPU
		AppStore|ARM = AppStore|ARM
		AppStore|iPhone = AppStore|iPhone
		AppStore|iPhoneSimulator = AppStore|iPhoneSimulator
		AppStore|x64 = AppStore|x64
		AppStore|x86 = AppStore|x86
		Debug|Any CPU = Debug|Any CPU
		Debug|ARM = Debug|ARM
		Debug|iPhone = Debug|iPhone
		Debug|iPhoneSimulator = Debug|iPhoneSimulator
		Debug|x64 = Debug|x64
		Debug|x86 = Debug|x86
		Release|Any CPU = Release|Any CPU
		Release|ARM = Release|ARM
		Release|iPhone = Release|iPhone
		Release|iPhoneSimulator = Release|iPhoneSimulator
		Release|x64 = Release|x64
		Release|x86 = Release|x86
	EndGlobalSection
	GlobalSection(ProjectConfigurationPlatforms) = postSolution
		{18512E86-914B-40C0-B5B1-9435FF042D7F}.Ad-Hoc|Any CPU.ActiveCfg = Release|x64
		{18512E86-914B-40C0-B5B1-9435FF042D7F}.Ad-Hoc|Any CPU.Build.0 = Release|x64
		{18512E86-914B-40C0-B5B1-9435FF042D7F}.Ad-Hoc|Any CPU.Deploy.0 = Release|x64
		{18512E86-914B-40C0-B5B1-9435FF042D7F}.Ad-Hoc|ARM.ActiveCfg = Release|ARM
		{18512E86-914B-40C0-B5B1-9435FF042D7F}.Ad-Hoc|ARM.Build.0 = Release|ARM
		{18512E86-914B-40C0-B5B1-9435FF042D7F}.Ad-Hoc|ARM.Deploy.0 = Release|ARM
		{18512E86-914B-40C0-B5B1-9435FF042D7F}.Ad-Hoc|iPhone.ActiveCfg = Release|x64
		{18512E86-914B-40C0-B5B1-9435FF042D7F}.Ad-Hoc|iPhone.Build.0 = Release|x64
		{18512E86-914B-40C0-B5B1-9435FF042D7F}.Ad-Hoc|iPhone.Deploy.0 = Release|x64
		{18512E86-914B-40C0-B5B1-9435FF042D7F}.Ad-Hoc|iPhoneSimulator.ActiveCfg = Release|x64
		{18512E86-914B-40C0-B5B1-9435FF042D7F}.Ad-Hoc|iPhoneSimulator.Build.0 = Release|x64
		{18512E86-914B-40C0-B5B1-9435FF042D7F}.Ad-Hoc|iPhoneSimulator.Deploy.0 = Release|x64
		{18512E86-914B-40C0-B5B1-9435FF042D7F}.Ad-Hoc|x64.ActiveCfg = Release|x64
		{18512E86-914B-40C0-B5B1-9435FF042D7F}.Ad-Hoc|x64.Build.0 = Release|x64
		{18512E86-914B-40C0-B5B1-9435FF042D7F}.Ad-Hoc|x64.Deploy.0 = Release|x64
		{18512E86-914B-40C0-B5B1-9435FF042D7F}.Ad-Hoc|x86.ActiveCfg = Release|x86
		{18512E86-914B-40C0-B5B1-9435FF042D7F}.Ad-Hoc|x86.Build.0 = Release|x86
		{18512E86-914B-40C0-B5B1-9435FF042D7F}.Ad-Hoc|x86.Deploy.0 = Release|x86
		{18512E86-914B-40C0-B5B1-9435FF042D7F}.AppStore|Any CPU.ActiveCfg = Release|x64
		{18512E86-914B-40C0-B5B1-9435FF042D7F}.AppStore|Any CPU.Build.0 = Release|x64
		{18512E86-914B-40C0-B5B1-9435FF042D7F}.AppStore|Any CPU.Deploy.0 = Release|x64
		{18512E86-914B-40C0-B5B1-9435FF042D7F}.AppStore|ARM.ActiveCfg = Release|ARM
		{18512E86-914B-40C0-B5B1-9435FF042D7F}.AppStore|ARM.Build.0 = Release|ARM
		{18512E86-914B-40C0-B5B1-9435FF042D7F}.AppStore|ARM.Deploy.0 = Release|ARM
		{18512E86-914B-40C0-B5B1-9435FF042D7F}.AppStore|iPhone.ActiveCfg = Release|x64
		{18512E86-914B-40C0-B5B1-9435FF042D7F}.AppStore|iPhone.Build.0 = Release|x64
		{18512E86-914B-40C0-B5B1-9435FF042D7F}.AppStore|iPhone.Deploy.0 = Release|x64
		{18512E86-914B-40C0-B5B1-9435FF042D7F}.AppStore|iPhoneSimulator.ActiveCfg = Release|x64
		{18512E86-914B-40C0-B5B1-9435FF042D7F}.AppStore|iPhoneSimulator.Build.0 = Release|x64
		{18512E86-914B-40C0-B5B1-9435FF042D7F}.AppStore|iPhoneSimulator.Deploy.0 = Release|x64
		{18512E86-914B-40C0-B5B1-9435FF042D7F}.AppStore|x64.ActiveCfg = Release|x64
		{18512E86-914B-40C0-B5B1-9435FF042D7F}.AppStore|x64.Build.0 = Release|x64
		{18512E86-914B-40C0-B5B1-9435FF042D7F}.AppStore|x64.Deploy.0 = Release|x64
		{18512E86-914B-40C0-B5B1-9435FF042D7F}.AppStore|x86.ActiveCfg = Release|x86
		{18512E86-914B-40C0-B5B1-9435FF042D7F}.AppStore|x86.Build.0 = Release|x86
		{18512E86-914B-40C0-B5B1-9435FF042D7F}.AppStore|x86.Deploy.0 = Release|x86
		{18512E86-914B-40C0-B5B1-9435FF042D7F}.Debug|Any CPU.ActiveCfg = Debug|x86
		{18512E86-914B-40C0-B5B1-9435FF042D7F}.Debug|Any CPU.Build.0 = Debug|x86
		{18512E86-914B-40C0-B5B1-9435FF042D7F}.Debug|Any CPU.Deploy.0 = Debug|x86
		{18512E86-914B-40C0-B5B1-9435FF042D7F}.Debug|ARM.ActiveCfg = Debug|ARM
		{18512E86-914B-40C0-B5B1-9435FF042D7F}.Debug|ARM.Build.0 = Debug|ARM
		{18512E86-914B-40C0-B5B1-9435FF042D7F}.Debug|ARM.Deploy.0 = Debug|ARM
		{18512E86-914B-40C0-B5B1-9435FF042D7F}.Debug|iPhone.ActiveCfg = Debug|x86
		{18512E86-914B-40C0-B5B1-9435FF042D7F}.Debug|iPhone.Build.0 = Debug|x86
		{18512E86-914B-40C0-B5B1-9435FF042D7F}.Debug|iPhone.Deploy.0 = Debug|x86
		{18512E86-914B-40C0-B5B1-9435FF042D7F}.Debug|iPhoneSimulator.ActiveCfg = Debug|x86
		{18512E86-914B-40C0-B5B1-9435FF042D7F}.Debug|x64.ActiveCfg = Debug|x64
		{18512E86-914B-40C0-B5B1-9435FF042D7F}.Debug|x64.Build.0 = Debug|x64
		{18512E86-914B-40C0-B5B1-9435FF042D7F}.Debug|x64.Deploy.0 = Debug|x64
		{18512E86-914B-40C0-B5B1-9435FF042D7F}.Debug|x86.ActiveCfg = Debug|x86
		{18512E86-914B-40C0-B5B1-9435FF042D7F}.Debug|x86.Build.0 = Debug|x86
		{18512E86-914B-40C0-B5B1-9435FF042D7F}.Debug|x86.Deploy.0 = Debug|x86
		{18512E86-914B-40C0-B5B1-9435FF042D7F}.Release|Any CPU.ActiveCfg = Release|x86
		{18512E86-914B-40C0-B5B1-9435FF042D7F}.Release|ARM.ActiveCfg = Release|ARM
		{18512E86-914B-40C0-B5B1-9435FF042D7F}.Release|ARM.Build.0 = Release|ARM
		{18512E86-914B-40C0-B5B1-9435FF042D7F}.Release|ARM.Deploy.0 = Release|ARM
		{18512E86-914B-40C0-B5B1-9435FF042D7F}.Release|iPhone.ActiveCfg = Release|x86
		{18512E86-914B-40C0-B5B1-9435FF042D7F}.Release|iPhoneSimulator.ActiveCfg = Release|x86
		{18512E86-914B-40C0-B5B1-9435FF042D7F}.Release|x64.ActiveCfg = Release|x64
		{18512E86-914B-40C0-B5B1-9435FF042D7F}.Release|x64.Build.0 = Release|x64
		{18512E86-914B-40C0-B5B1-9435FF042D7F}.Release|x64.Deploy.0 = Release|x64
		{18512E86-914B-40C0-B5B1-9435FF042D7F}.Release|x86.ActiveCfg = Release|x86
		{18512E86-914B-40C0-B5B1-9435FF042D7F}.Release|x86.Build.0 = Release|x86
		{18512E86-914B-40C0-B5B1-9435FF042D7F}.Release|x86.Deploy.0 = Release|x86
	EndGlobalSection
	GlobalSection(SolutionProperties) = preSolution
		HideSolutionNode = FALSE
	EndGlobalSection
	GlobalSection(ExtensibilityGlobals) = postSolution
		SolutionGuid = {54BD56CD-83CA-4076-BEC8-AC6CD4BE4D67}
	EndGlobalSection
EndGlobal
